
Microsoft Visual Studio Solution File, Format Version 12.00
# Visual Studio Version 17
VisualStudioVersion = 17.12.35707.178 d17.12
MinimumVisualStudioVersion = 10.0.40219.1
Project("{2150E333-8FDC-42A3-9474-1A3956D46DE8}") = "src", "src", "{DD45B775-8F15-466C-A4A9-29576E0BCEF3}"
EndProject
Project("{FAE04EC0-301F-11D3-BF4B-00C04F79EFBC}") = "ARWNI2S.Runtime.Engine", "src\ARWNI2S.Runtime.Engine\ARWNI2S.Runtime.Engine.csproj", "{D6FBEF59-45B0-4DE1-BFB5-BB0232BE3F1A}"
EndProject
Global
	GlobalSection(SolutionConfigurationPlatforms) = preSolution
		Debug|Any CPU = Debug|Any CPU
		Release|Any CPU = Release|Any CPU
	EndGlobalSection
	GlobalSection(ProjectConfigurationPlatforms) = postSolution
		{D6FBEF59-45B0-4DE1-BFB5-BB0232BE3F1A}.Debug|Any CPU.ActiveCfg = Debug|Any CPU
		{D6FBEF59-45B0-4DE1-BFB5-BB0232BE3F1A}.Debug|Any CPU.Build.0 = Debug|Any CPU
		{D6FBEF59-45B0-4DE1-BFB5-BB0232BE3F1A}.Release|Any CPU.ActiveCfg = Release|Any CPU
		{D6FBEF59-45B0-4DE1-BFB5-BB0232BE3F1A}.Release|Any CPU.Build.0 = Release|Any CPU
	EndGlobalSection
	GlobalSection(SolutionProperties) = preSolution
		HideSolutionNode = FALSE
	EndGlobalSection
	GlobalSection(NestedProjects) = preSolution
		{D6FBEF59-45B0-4DE1-BFB5-BB0232BE3F1A} = {DD45B775-8F15-466C-A4A9-29576E0BCEF3}
	EndGlobalSection
EndGlobal
